
Microsoft Visual Studio Solution File, Format Version 12.00
# Visual Studio Version 17
VisualStudioVersion = 17.8.34511.84
MinimumVisualStudioVersion = 10.0.40219.1
Project("{9A19103F-16F7-4668-BE54-9A1E7A4F7556}") = "SendProcessingEmailLambda", "SendProcessingEmail.Lambda\src\SendProcessingEmail.Lambda\SendProcessingEmailLambda.csproj", "{7E90F71C-A736-40AE-BCA7-CE88E8F2949E}"
EndProject
Project("{9A19103F-16F7-4668-BE54-9A1E7A4F7556}") = "SendProcessingEmailLambda.Tests", "SendProcessingEmail.Lambda\test\SendProcessingEmailLambda.Tests\SendProcessingEmailLambda.Tests.csproj", "{540AE450-35A7-4809-8B41-3E6B013F8934}"
EndProject
Global
	GlobalSection(SolutionConfigurationPlatforms) = preSolution
		Debug|Any CPU = Debug|Any CPU
		Release|Any CPU = Release|Any CPU
	EndGlobalSection
	GlobalSection(ProjectConfigurationPlatforms) = postSolution
		{7E90F71C-A736-40AE-BCA7-CE88E8F2949E}.Debug|Any CPU.ActiveCfg = Debug|Any CPU
		{7E90F71C-A736-40AE-BCA7-CE88E8F2949E}.Debug|Any CPU.Build.0 = Debug|Any CPU
		{7E90F71C-A736-40AE-BCA7-CE88E8F2949E}.Release|Any CPU.ActiveCfg = Release|Any CPU
		{7E90F71C-A736-40AE-BCA7-CE88E8F2949E}.Release|Any CPU.Build.0 = Release|Any CPU
		{540AE450-35A7-4809-8B41-3E6B013F8934}.Debug|Any CPU.ActiveCfg = Debug|Any CPU
		{540AE450-35A7-4809-8B41-3E6B013F8934}.Debug|Any CPU.Build.0 = Debug|Any CPU
		{540AE450-35A7-4809-8B41-3E6B013F8934}.Release|Any CPU.ActiveCfg = Release|Any CPU
		{540AE450-35A7-4809-8B41-3E6B013F8934}.Release|Any CPU.Build.0 = Release|Any CPU
	EndGlobalSection
	GlobalSection(SolutionProperties) = preSolution
		HideSolutionNode = FALSE
	EndGlobalSection
	GlobalSection(ExtensibilityGlobals) = postSolution
		SolutionGuid = {0D94291B-9D53-4863-A512-50FC3DF12F92}
	EndGlobalSection
EndGlobal
